
Microsoft Visual Studio Solution File, Format Version 12.00
# Visual Studio Version 17
VisualStudioVersion = 17.7.34024.191
MinimumVisualStudioVersion = 10.0.40219.1
Project("{FAE04EC0-301F-11D3-BF4B-00C04F79EFBC}") = "MyFirstApp", "MyFirstApp\MyFirstApp.csproj", "{FCC49EA4-BD68-4470-851C-9C5A61BE167D}"
EndProject
Global
	GlobalSection(SolutionConfigurationPlatforms) = preSolution
		Debug|Any CPU = Debug|Any CPU
		Release|Any CPU = Release|Any CPU
	EndGlobalSection
	GlobalSection(ProjectConfigurationPlatforms) = postSolution
		{FCC49EA4-BD68-4470-851C-9C5A61BE167D}.Debug|Any CPU.ActiveCfg = Debug|Any CPU
		{FCC49EA4-BD68-4470-851C-9C5A61BE167D}.Debug|Any CPU.Build.0 = Debug|Any CPU
		{FCC49EA4-BD68-4470-851C-9C5A61BE167D}.Release|Any CPU.ActiveCfg = Release|Any CPU
		{FCC49EA4-BD68-4470-851C-9C5A61BE167D}.Release|Any CPU.Build.0 = Release|Any CPU
	EndGlobalSection
	GlobalSection(SolutionProperties) = preSolution
		HideSolutionNode = FALSE
	EndGlobalSection
	GlobalSection(ExtensibilityGlobals) = postSolution
		SolutionGuid = {AC7E5181-6428-440B-9E69-23C1A1243D6E}
	EndGlobalSection
EndGlobal
